
Microsoft Visual Studio Solution File, Format Version 12.00
# Visual Studio Version 17
VisualStudioVersion = 17.0.32014.148
MinimumVisualStudioVersion = 10.0.40219.1
Project("{FAE04EC0-301F-11D3-BF4B-00C04F79EFBC}") = "WebApi", "WebApi.csproj", "{94F14B61-1024-491C-B49C-885D590B6117}"
EndProject
Global
	GlobalSection(SolutionConfigurationPlatforms) = preSolution
		Debug|Any CPU = Debug|Any CPU
		Release|Any CPU = Release|Any CPU
	EndGlobalSection
	GlobalSection(ProjectConfigurationPlatforms) = postSolution
		{94F14B61-1024-491C-B49C-885D590B6117}.Debug|Any CPU.ActiveCfg = Debug|Any CPU
		{94F14B61-1024-491C-B49C-885D590B6117}.Debug|Any CPU.Build.0 = Debug|Any CPU
		{94F14B61-1024-491C-B49C-885D590B6117}.Release|Any CPU.ActiveCfg = Release|Any CPU
		{94F14B61-1024-491C-B49C-885D590B6117}.Release|Any CPU.Build.0 = Release|Any CPU
	EndGlobalSection
	GlobalSection(SolutionProperties) = preSolution
		HideSolutionNode = FALSE
	EndGlobalSection
	GlobalSection(ExtensibilityGlobals) = postSolution
		SolutionGuid = {AFA7E853-8EDA-4842-906E-68895176F7CA}
	EndGlobalSection
EndGlobal
